// !$*UTF8*$!
{
	archiveVersion = 1;
	classes = {
	};
	objectVersion = 50;
	objects = {

/* Begin PBXBuildFile section */
		15CA87F9A45D9A4611E6626C /* Pods_QHSocketDemo.framework in Frameworks */ = {isa = PBXBuildFile; fileRef = 08B17152A1FB5A7098E83A8B /* Pods_QHSocketDemo.framework */; };
		741E495D2223C7C700D8733C /* QHSRSocketClientViewController.m in Sources */ = {isa = PBXBuildFile; fileRef = 741E495B2223C7C700D8733C /* QHSRSocketClientViewController.m */; };
		741E495E2223C7C700D8733C /* QHSRSocketClientViewController.xib in Resources */ = {isa = PBXBuildFile; fileRef = 741E495C2223C7C700D8733C /* QHSRSocketClientViewController.xib */; };
		741E49632223E00600D8733C /* QHSocketIOClientViewController.m in Sources */ = {isa = PBXBuildFile; fileRef = 741E49612223E00600D8733C /* QHSocketIOClientViewController.m */; };
		741E49642223E00600D8733C /* QHSocketIOClientViewController.xib in Resources */ = {isa = PBXBuildFile; fileRef = 741E49622223E00600D8733C /* QHSocketIOClientViewController.xib */; };
		743C39C721F9BF140027C93E /* QHCFSocketBytesClientViewController.m in Sources */ = {isa = PBXBuildFile; fileRef = 743C39C521F9BF140027C93E /* QHCFSocketBytesClientViewController.m */; };
		743C39C821F9BF140027C93E /* QHCFSocketBytesClientViewController.xib in Resources */ = {isa = PBXBuildFile; fileRef = 743C39C621F9BF140027C93E /* QHCFSocketBytesClientViewController.xib */; };
		743DA47521F1A93D006800DD /* AppDelegate.m in Sources */ = {isa = PBXBuildFile; fileRef = 743DA47421F1A93D006800DD /* AppDelegate.m */; };
		743DA47921F1A93D006800DD /* QHTableRootViewController.m in Sources */ = {isa = PBXBuildFile; fileRef = 743DA47821F1A93D006800DD /* QHTableRootViewController.m */; };
		743DA47C21F1A93D006800DD /* QHDetailRootViewController.m in Sources */ = {isa = PBXBuildFile; fileRef = 743DA47B21F1A93D006800DD /* QHDetailRootViewController.m */; };
		743DA48021F1A93D006800DD /* QHTableSubViewController.m in Sources */ = {isa = PBXBuildFile; fileRef = 743DA47F21F1A93D006800DD /* QHTableSubViewController.m */; };
		743DA48221F1A93D006800DD /* QHTableSubViewController.xib in Resources */ = {isa = PBXBuildFile; fileRef = 743DA48121F1A93D006800DD /* QHTableSubViewController.xib */; };
		743DA48521F1A93D006800DD /* ViewController.m in Sources */ = {isa = PBXBuildFile; fileRef = 743DA48421F1A93D006800DD /* ViewController.m */; };
		743DA48821F1A93D006800DD /* Main.storyboard in Resources */ = {isa = PBXBuildFile; fileRef = 743DA48621F1A93D006800DD /* Main.storyboard */; };
		743DA48A21F1A93F006800DD /* Assets.xcassets in Resources */ = {isa = PBXBuildFile; fileRef = 743DA48921F1A93F006800DD /* Assets.xcassets */; };
		743DA48D21F1A93F006800DD /* LaunchScreen.storyboard in Resources */ = {isa = PBXBuildFile; fileRef = 743DA48B21F1A93F006800DD /* LaunchScreen.storyboard */; };
		743DA49021F1A93F006800DD /* main.m in Sources */ = {isa = PBXBuildFile; fileRef = 743DA48F21F1A93F006800DD /* main.m */; };
		743DA49A21F1AB9A006800DD /* QHSocketServerViewController.m in Sources */ = {isa = PBXBuildFile; fileRef = 743DA49821F1AB9A006800DD /* QHSocketServerViewController.m */; };
		743DA49B21F1AB9A006800DD /* QHSocketServerViewController.xib in Resources */ = {isa = PBXBuildFile; fileRef = 743DA49921F1AB9A006800DD /* QHSocketServerViewController.xib */; };
		743DA49F21F579FE006800DD /* QHSockettClientViewController.m in Sources */ = {isa = PBXBuildFile; fileRef = 743DA49D21F579FE006800DD /* QHSockettClientViewController.m */; };
		743DA4A021F579FE006800DD /* QHSockettClientViewController.xib in Resources */ = {isa = PBXBuildFile; fileRef = 743DA49E21F579FE006800DD /* QHSockettClientViewController.xib */; };
		743DA4AA21F5DEC2006800DD /* QHCFSocketServerViewController.m in Sources */ = {isa = PBXBuildFile; fileRef = 743DA4A821F5DEC2006800DD /* QHCFSocketServerViewController.m */; };
		743DA4AB21F5DEC2006800DD /* QHCFSocketServerViewController.xib in Resources */ = {isa = PBXBuildFile; fileRef = 743DA4A921F5DEC2006800DD /* QHCFSocketServerViewController.xib */; };
		743DA4AF21F5DF05006800DD /* QHCFSocketClientViewController.m in Sources */ = {isa = PBXBuildFile; fileRef = 743DA4AD21F5DF05006800DD /* QHCFSocketClientViewController.m */; };
		743DA4B021F5DF05006800DD /* QHCFSocketClientViewController.xib in Resources */ = {isa = PBXBuildFile; fileRef = 743DA4AE21F5DF05006800DD /* QHCFSocketClientViewController.xib */; };
		743DA4BE21F70553006800DD /* QHCocoaAsyncSocketClientViewController.m in Sources */ = {isa = PBXBuildFile; fileRef = 743DA4BC21F70553006800DD /* QHCocoaAsyncSocketClientViewController.m */; };
		743DA4BF21F70553006800DD /* QHCocoaAsyncSocketClientViewController.xib in Resources */ = {isa = PBXBuildFile; fileRef = 743DA4BD21F70553006800DD /* QHCocoaAsyncSocketClientViewController.xib */; };
		743DA4C321F70B0B006800DD /* QHCocoaAsyncSocketServerViewController.m in Sources */ = {isa = PBXBuildFile; fileRef = 743DA4C121F70B0B006800DD /* QHCocoaAsyncSocketServerViewController.m */; };
		743DA4C421F70B0B006800DD /* QHCocoaAsyncSocketServerViewController.xib in Resources */ = {isa = PBXBuildFile; fileRef = 743DA4C221F70B0B006800DD /* QHCocoaAsyncSocketServerViewController.xib */; };
		743DA4C921F71905006800DD /* QHSocketHttpViewController.m in Sources */ = {isa = PBXBuildFile; fileRef = 743DA4C721F71905006800DD /* QHSocketHttpViewController.m */; };
		743DA4CA21F71905006800DD /* QHSocketHttpViewController.xib in Resources */ = {isa = PBXBuildFile; fileRef = 743DA4C821F71905006800DD /* QHSocketHttpViewController.xib */; };
		74D50B8E21FEB16E00B0B101 /* QHPBDemo.proto in Sources */ = {isa = PBXBuildFile; fileRef = 74D50B8D21FEB16E00B0B101 /* QHPBDemo.proto */; };
		74D50B9421FEB46900B0B101 /* Qhpbdemo.pbobjc.m in Sources */ = {isa = PBXBuildFile; fileRef = 74D50B9321FEB46900B0B101 /* Qhpbdemo.pbobjc.m */; settings = {COMPILER_FLAGS = "-fno-objc-arc"; }; };
/* End PBXBuildFile section */

/* Begin PBXFileReference section */
		08B17152A1FB5A7098E83A8B /* Pods_QHSocketDemo.framework */ = {isa = PBXFileReference; explicitFileType = wrapper.framework; includeInIndex = 0; path = Pods_QHSocketDemo.framework; sourceTree = BUILT_PRODUCTS_DIR; };
		741E495A2223C7C700D8733C /* QHSRSocketClientViewController.h */ = {isa = PBXFileReference; lastKnownFileType = sourcecode.c.h; path = QHSRSocketClientViewController.h; sourceTree = "<group>"; };
		741E495B2223C7C700D8733C /* QHSRSocketClientViewController.m */ = {isa = PBXFileReference; lastKnownFileType = sourcecode.c.objc; path = QHSRSocketClientViewController.m; sourceTree = "<group>"; };
		741E495C2223C7C700D8733C /* QHSRSocketClientViewController.xib */ = {isa = PBXFileReference; lastKnownFileType = file.xib; path = QHSRSocketClientViewController.xib; sourceTree = "<group>"; };
		741E49602223E00600D8733C /* QHSocketIOClientViewController.h */ = {isa = PBXFileReference; lastKnownFileType = sourcecode.c.h; path = QHSocketIOClientViewController.h; sourceTree = "<group>"; };
		741E49612223E00600D8733C /* QHSocketIOClientViewController.m */ = {isa = PBXFileReference; lastKnownFileType = sourcecode.c.objc; path = QHSocketIOClientViewController.m; sourceTree = "<group>"; };
		741E49622223E00600D8733C /* QHSocketIOClientViewController.xib */ = {isa = PBXFileReference; lastKnownFileType = file.xib; path = QHSocketIOClientViewController.xib; sourceTree = "<group>"; };
		743C39C421F9BF140027C93E /* QHCFSocketBytesClientViewController.h */ = {isa = PBXFileReference; lastKnownFileType = sourcecode.c.h; path = QHCFSocketBytesClientViewController.h; sourceTree = "<group>"; };
		743C39C521F9BF140027C93E /* QHCFSocketBytesClientViewController.m */ = {isa = PBXFileReference; lastKnownFileType = sourcecode.c.objc; path = QHCFSocketBytesClientViewController.m; sourceTree = "<group>"; };
		743C39C621F9BF140027C93E /* QHCFSocketBytesClientViewController.xib */ = {isa = PBXFileReference; lastKnownFileType = file.xib; path = QHCFSocketBytesClientViewController.xib; sourceTree = "<group>"; };
		743DA47021F1A93D006800DD /* QHSocketDemo.app */ = {isa = PBXFileReference; explicitFileType = wrapper.application; includeInIndex = 0; path = QHSocketDemo.app; sourceTree = BUILT_PRODUCTS_DIR; };
		743DA47321F1A93D006800DD /* AppDelegate.h */ = {isa = PBXFileReference; lastKnownFileType = sourcecode.c.h; path = AppDelegate.h; sourceTree = "<group>"; };
		743DA47421F1A93D006800DD /* AppDelegate.m */ = {isa = PBXFileReference; lastKnownFileType = sourcecode.c.objc; path = AppDelegate.m; sourceTree = "<group>"; };
		743DA47721F1A93D006800DD /* QHTableRootViewController.h */ = {isa = PBXFileReference; lastKnownFileType = sourcecode.c.h; name = QHTableRootViewController.h; path = QHTableController/QHTableRootViewController.h; sourceTree = "<group>"; };
		743DA47821F1A93D006800DD /* QHTableRootViewController.m */ = {isa = PBXFileReference; lastKnownFileType = sourcecode.c.objc; name = QHTableRootViewController.m; path = QHTableController/QHTableRootViewController.m; sourceTree = "<group>"; };
		743DA47A21F1A93D006800DD /* QHDetailRootViewController.h */ = {isa = PBXFileReference; lastKnownFileType = sourcecode.c.h; name = QHDetailRootViewController.h; path = QHTableController/QHDetailRootViewController.h; sourceTree = "<group>"; };
		743DA47B21F1A93D006800DD /* QHDetailRootViewController.m */ = {isa = PBXFileReference; lastKnownFileType = sourcecode.c.objc; name = QHDetailRootViewController.m; path = QHTableController/QHDetailRootViewController.m; sourceTree = "<group>"; };
		743DA47E21F1A93D006800DD /* QHTableSubViewController.h */ = {isa = PBXFileReference; lastKnownFileType = sourcecode.c.h; name = QHTableSubViewController.h; path = QHTableSubController/QHTableSubViewController.h; sourceTree = "<group>"; };
		743DA47F21F1A93D006800DD /* QHTableSubViewController.m */ = {isa = PBXFileReference; lastKnownFileType = sourcecode.c.objc; name = QHTableSubViewController.m; path = QHTableSubController/QHTableSubViewController.m; sourceTree = "<group>"; };
		743DA48121F1A93D006800DD /* QHTableSubViewController.xib */ = {isa = PBXFileReference; lastKnownFileType = file.xib; name = QHTableSubViewController.xib; path = QHTableSubController/QHTableSubViewController.xib; sourceTree = "<group>"; };
		743DA48321F1A93D006800DD /* ViewController.h */ = {isa = PBXFileReference; lastKnownFileType = sourcecode.c.h; path = ViewController.h; sourceTree = "<group>"; };
		743DA48421F1A93D006800DD /* ViewController.m */ = {isa = PBXFileReference; lastKnownFileType = sourcecode.c.objc; path = ViewController.m; sourceTree = "<group>"; };
		743DA48721F1A93D006800DD /* Base */ = {isa = PBXFileReference; lastKnownFileType = file.storyboard; name = Base; path = Base.lproj/Main.storyboard; sourceTree = "<group>"; };
		743DA48921F1A93F006800DD /* Assets.xcassets */ = {isa = PBXFileReference; lastKnownFileType = folder.assetcatalog; path = Assets.xcassets; sourceTree = "<group>"; };
		743DA48C21F1A93F006800DD /* Base */ = {isa = PBXFileReference; lastKnownFileType = file.storyboard; name = Base; path = Base.lproj/LaunchScreen.storyboard; sourceTree = "<group>"; };
		743DA48E21F1A93F006800DD /* Info.plist */ = {isa = PBXFileReference; lastKnownFileType = text.plist.xml; path = Info.plist; sourceTree = "<group>"; };
		743DA48F21F1A93F006800DD /* main.m */ = {isa = PBXFileReference; lastKnownFileType = sourcecode.c.objc; path = main.m; sourceTree = "<group>"; };
		743DA49721F1AB9A006800DD /* QHSocketServerViewController.h */ = {isa = PBXFileReference; lastKnownFileType = sourcecode.c.h; path = QHSocketServerViewController.h; sourceTree = "<group>"; };
		743DA49821F1AB9A006800DD /* QHSocketServerViewController.m */ = {isa = PBXFileReference; lastKnownFileType = sourcecode.c.objc; path = QHSocketServerViewController.m; sourceTree = "<group>"; };
		743DA49921F1AB9A006800DD /* QHSocketServerViewController.xib */ = {isa = PBXFileReference; lastKnownFileType = file.xib; path = QHSocketServerViewController.xib; sourceTree = "<group>"; };
		743DA49C21F579FE006800DD /* QHSockettClientViewController.h */ = {isa = PBXFileReference; lastKnownFileType = sourcecode.c.h; path = QHSockettClientViewController.h; sourceTree = "<group>"; };
		743DA49D21F579FE006800DD /* QHSockettClientViewController.m */ = {isa = PBXFileReference; lastKnownFileType = sourcecode.c.objc; path = QHSockettClientViewController.m; sourceTree = "<group>"; };
		743DA49E21F579FE006800DD /* QHSockettClientViewController.xib */ = {isa = PBXFileReference; lastKnownFileType = file.xib; path = QHSockettClientViewController.xib; sourceTree = "<group>"; };
		743DA4A721F5DEC2006800DD /* QHCFSocketServerViewController.h */ = {isa = PBXFileReference; lastKnownFileType = sourcecode.c.h; path = QHCFSocketServerViewController.h; sourceTree = "<group>"; };
		743DA4A821F5DEC2006800DD /* QHCFSocketServerViewController.m */ = {isa = PBXFileReference; lastKnownFileType = sourcecode.c.objc; path = QHCFSocketServerViewController.m; sourceTree = "<group>"; };
		743DA4A921F5DEC2006800DD /* QHCFSocketServerViewController.xib */ = {isa = PBXFileReference; lastKnownFileType = file.xib; path = QHCFSocketServerViewController.xib; sourceTree = "<group>"; };
		743DA4AC21F5DF05006800DD /* QHCFSocketClientViewController.h */ = {isa = PBXFileReference; lastKnownFileType = sourcecode.c.h; path = QHCFSocketClientViewController.h; sourceTree = "<group>"; };
		743DA4AD21F5DF05006800DD /* QHCFSocketClientViewController.m */ = {isa = PBXFileReference; lastKnownFileType = sourcecode.c.objc; path = QHCFSocketClientViewController.m; sourceTree = "<group>"; };
		743DA4AE21F5DF05006800DD /* QHCFSocketClientViewController.xib */ = {isa = PBXFileReference; lastKnownFileType = file.xib; path = QHCFSocketClientViewController.xib; sourceTree = "<group>"; };
		743DA4BB21F70553006800DD /* QHCocoaAsyncSocketClientViewController.h */ = {isa = PBXFileReference; lastKnownFileType = sourcecode.c.h; path = QHCocoaAsyncSocketClientViewController.h; sourceTree = "<group>"; };
		743DA4BC21F70553006800DD /* QHCocoaAsyncSocketClientViewController.m */ = {isa = PBXFileReference; lastKnownFileType = sourcecode.c.objc; path = QHCocoaAsyncSocketClientViewController.m; sourceTree = "<group>"; };
		743DA4BD21F70553006800DD /* QHCocoaAsyncSocketClientViewController.xib */ = {isa = PBXFileReference; lastKnownFileType = file.xib; path = QHCocoaAsyncSocketClientViewController.xib; sourceTree = "<group>"; };
		743DA4C021F70B0B006800DD /* QHCocoaAsyncSocketServerViewController.h */ = {isa = PBXFileReference; lastKnownFileType = sourcecode.c.h; path = QHCocoaAsyncSocketServerViewController.h; sourceTree = "<group>"; };
		743DA4C121F70B0B006800DD /* QHCocoaAsyncSocketServerViewController.m */ = {isa = PBXFileReference; lastKnownFileType = sourcecode.c.objc; path = QHCocoaAsyncSocketServerViewController.m; sourceTree = "<group>"; };
		743DA4C221F70B0B006800DD /* QHCocoaAsyncSocketServerViewController.xib */ = {isa = PBXFileReference; lastKnownFileType = file.xib; path = QHCocoaAsyncSocketServerViewController.xib; sourceTree = "<group>"; };
		743DA4C621F71905006800DD /* QHSocketHttpViewController.h */ = {isa = PBXFileReference; lastKnownFileType = sourcecode.c.h; path = QHSocketHttpViewController.h; sourceTree = "<group>"; };
		743DA4C721F71905006800DD /* QHSocketHttpViewController.m */ = {isa = PBXFileReference; lastKnownFileType = sourcecode.c.objc; path = QHSocketHttpViewController.m; sourceTree = "<group>"; };
		743DA4C821F71905006800DD /* QHSocketHttpViewController.xib */ = {isa = PBXFileReference; lastKnownFileType = file.xib; path = QHSocketHttpViewController.xib; sourceTree = "<group>"; };
		74D50B8D21FEB16E00B0B101 /* QHPBDemo.proto */ = {isa = PBXFileReference; lastKnownFileType = sourcecode.protobuf; path = QHPBDemo.proto; sourceTree = "<group>"; };
		74D50B9221FEB46900B0B101 /* Qhpbdemo.pbobjc.h */ = {isa = PBXFileReference; fileEncoding = 4; lastKnownFileType = sourcecode.c.h; path = Qhpbdemo.pbobjc.h; sourceTree = "<group>"; };
		74D50B9321FEB46900B0B101 /* Qhpbdemo.pbobjc.m */ = {isa = PBXFileReference; fileEncoding = 4; lastKnownFileType = sourcecode.c.objc; path = Qhpbdemo.pbobjc.m; sourceTree = "<group>"; };
		A93EC8C102E29241E8B22CFE /* Pods-QHSocketDemo.debug.xcconfig */ = {isa = PBXFileReference; includeInIndex = 1; lastKnownFileType = text.xcconfig; name = "Pods-QHSocketDemo.debug.xcconfig"; path = "Pods/Target Support Files/Pods-QHSocketDemo/Pods-QHSocketDemo.debug.xcconfig"; sourceTree = "<group>"; };
		E8CF93D6C1DEE4D88BA488B1 /* Pods-QHSocketDemo.release.xcconfig */ = {isa = PBXFileReference; includeInIndex = 1; lastKnownFileType = text.xcconfig; name = "Pods-QHSocketDemo.release.xcconfig"; path = "Pods/Target Support Files/Pods-QHSocketDemo/Pods-QHSocketDemo.release.xcconfig"; sourceTree = "<group>"; };
/* End PBXFileReference section */

/* Begin PBXFrameworksBuildPhase section */
		743DA46D21F1A93D006800DD /* Frameworks */ = {
			isa = PBXFrameworksBuildPhase;
			buildActionMask = 2147483647;
			files = (
				15CA87F9A45D9A4611E6626C /* Pods_QHSocketDemo.framework in Frameworks */,
			);
			runOnlyForDeploymentPostprocessing = 0;
		};
/* End PBXFrameworksBuildPhase section */

/* Begin PBXGroup section */
		741E49592223C79E00D8733C /* QHSRSocket */ = {
			isa = PBXGroup;
			children = (
				741E495A2223C7C700D8733C /* QHSRSocketClientViewController.h */,
				741E495B2223C7C700D8733C /* QHSRSocketClientViewController.m */,
				741E495C2223C7C700D8733C /* QHSRSocketClientViewController.xib */,
			);
			path = QHSRSocket;
			sourceTree = "<group>";
		};
		741E495F2223DFE700D8733C /* QHSocketIO */ = {
			isa = PBXGroup;
			children = (
				741E49602223E00600D8733C /* QHSocketIOClientViewController.h */,
				741E49612223E00600D8733C /* QHSocketIOClientViewController.m */,
				741E49622223E00600D8733C /* QHSocketIOClientViewController.xib */,
			);
			path = QHSocketIO;
			sourceTree = "<group>";
		};
		743C39C321F9BEBE0027C93E /* QHBytes */ = {
			isa = PBXGroup;
			children = (
				74D50B8C21FEB10D00B0B101 /* QHPB */,
				743C39C421F9BF140027C93E /* QHCFSocketBytesClientViewController.h */,
				743C39C521F9BF140027C93E /* QHCFSocketBytesClientViewController.m */,
				743C39C621F9BF140027C93E /* QHCFSocketBytesClientViewController.xib */,
			);
			path = QHBytes;
			sourceTree = "<group>";
		};
		743DA46721F1A93D006800DD = {
			isa = PBXGroup;
			children = (
				743DA47221F1A93D006800DD /* QHSocketDemo */,
				743DA47121F1A93D006800DD /* Products */,
				BBD9589DB775822200209357 /* Pods */,
				D3873A05972486929131E728 /* Frameworks */,
			);
			sourceTree = "<group>";
		};
		743DA47121F1A93D006800DD /* Products */ = {
			isa = PBXGroup;
			children = (
				743DA47021F1A93D006800DD /* QHSocketDemo.app */,
			);
			name = Products;
			sourceTree = "<group>";
		};
		743DA47221F1A93D006800DD /* QHSocketDemo */ = {
			isa = PBXGroup;
			children = (
				741E495F2223DFE700D8733C /* QHSocketIO */,
				741E49592223C79E00D8733C /* QHSRSocket */,
				743C39C321F9BEBE0027C93E /* QHBytes */,
				743DA4C521F71702006800DD /* QHSocketHttp */,
				743DA4B121F70271006800DD /* QHCocoaAsyncSocket */,
				743DA4A621F5DE96006800DD /* QHCFSocketServer&Client */,
				743DA49621F1AB0E006800DD /* QHSocketServer&Client */,
				743DA47321F1A93D006800DD /* AppDelegate.h */,
				743DA47421F1A93D006800DD /* AppDelegate.m */,
				743DA48321F1A93D006800DD /* ViewController.h */,
				743DA48421F1A93D006800DD /* ViewController.m */,
				743DA48621F1A93D006800DD /* Main.storyboard */,
				743DA48921F1A93F006800DD /* Assets.xcassets */,
				743DA48B21F1A93F006800DD /* LaunchScreen.storyboard */,
				743DA48E21F1A93F006800DD /* Info.plist */,
				743DA48F21F1A93F006800DD /* main.m */,
				743DA47621F1A93D006800DD /* QHTableController */,
				743DA47D21F1A93D006800DD /* QHTableSubController */,
			);
			path = QHSocketDemo;
			sourceTree = "<group>";
		};
		743DA47621F1A93D006800DD /* QHTableController */ = {
			isa = PBXGroup;
			children = (
				743DA47721F1A93D006800DD /* QHTableRootViewController.h */,
				743DA47821F1A93D006800DD /* QHTableRootViewController.m */,
				743DA47A21F1A93D006800DD /* QHDetailRootViewController.h */,
				743DA47B21F1A93D006800DD /* QHDetailRootViewController.m */,
			);
			name = QHTableController;
			sourceTree = "<group>";
		};
		743DA47D21F1A93D006800DD /* QHTableSubController */ = {
			isa = PBXGroup;
			children = (
				743DA47E21F1A93D006800DD /* QHTableSubViewController.h */,
				743DA47F21F1A93D006800DD /* QHTableSubViewController.m */,
				743DA48121F1A93D006800DD /* QHTableSubViewController.xib */,
			);
			name = QHTableSubController;
			sourceTree = "<group>";
		};
		743DA49621F1AB0E006800DD /* QHSocketServer&Client */ = {
			isa = PBXGroup;
			children = (
				743DA49721F1AB9A006800DD /* QHSocketServerViewController.h */,
				743DA49821F1AB9A006800DD /* QHSocketServerViewController.m */,
				743DA49921F1AB9A006800DD /* QHSocketServerViewController.xib */,
				743DA49C21F579FE006800DD /* QHSockettClientViewController.h */,
				743DA49D21F579FE006800DD /* QHSockettClientViewController.m */,
				743DA49E21F579FE006800DD /* QHSockettClientViewController.xib */,
			);
			path = "QHSocketServer&Client";
			sourceTree = "<group>";
		};
		743DA4A621F5DE96006800DD /* QHCFSocketServer&Client */ = {
			isa = PBXGroup;
			children = (
				743DA4A721F5DEC2006800DD /* QHCFSocketServerViewController.h */,
				743DA4A821F5DEC2006800DD /* QHCFSocketServerViewController.m */,
				743DA4A921F5DEC2006800DD /* QHCFSocketServerViewController.xib */,
				743DA4AC21F5DF05006800DD /* QHCFSocketClientViewController.h */,
				743DA4AD21F5DF05006800DD /* QHCFSocketClientViewController.m */,
				743DA4AE21F5DF05006800DD /* QHCFSocketClientViewController.xib */,
			);
			path = "QHCFSocketServer&Client";
			sourceTree = "<group>";
		};
		743DA4B121F70271006800DD /* QHCocoaAsyncSocket */ = {
			isa = PBXGroup;
			children = (
				743DA4BB21F70553006800DD /* QHCocoaAsyncSocketClientViewController.h */,
				743DA4BC21F70553006800DD /* QHCocoaAsyncSocketClientViewController.m */,
				743DA4BD21F70553006800DD /* QHCocoaAsyncSocketClientViewController.xib */,
				743DA4C021F70B0B006800DD /* QHCocoaAsyncSocketServerViewController.h */,
				743DA4C121F70B0B006800DD /* QHCocoaAsyncSocketServerViewController.m */,
				743DA4C221F70B0B006800DD /* QHCocoaAsyncSocketServerViewController.xib */,
			);
			path = QHCocoaAsyncSocket;
			sourceTree = "<group>";
		};
		743DA4C521F71702006800DD /* QHSocketHttp */ = {
			isa = PBXGroup;
			children = (
				743DA4C621F71905006800DD /* QHSocketHttpViewController.h */,
				743DA4C721F71905006800DD /* QHSocketHttpViewController.m */,
				743DA4C821F71905006800DD /* QHSocketHttpViewController.xib */,
			);
			path = QHSocketHttp;
			sourceTree = "<group>";
		};
		74D50B8C21FEB10D00B0B101 /* QHPB */ = {
			isa = PBXGroup;
			children = (
				74D50B9221FEB46900B0B101 /* Qhpbdemo.pbobjc.h */,
				74D50B9321FEB46900B0B101 /* Qhpbdemo.pbobjc.m */,
				74D50B8D21FEB16E00B0B101 /* QHPBDemo.proto */,
			);
			path = QHPB;
			sourceTree = "<group>";
		};
		BBD9589DB775822200209357 /* Pods */ = {
			isa = PBXGroup;
			children = (
				A93EC8C102E29241E8B22CFE /* Pods-QHSocketDemo.debug.xcconfig */,
				E8CF93D6C1DEE4D88BA488B1 /* Pods-QHSocketDemo.release.xcconfig */,
			);
			name = Pods;
			sourceTree = "<group>";
		};
		D3873A05972486929131E728 /* Frameworks */ = {
			isa = PBXGroup;
			children = (
				08B17152A1FB5A7098E83A8B /* Pods_QHSocketDemo.framework */,
			);
			name = Frameworks;
			sourceTree = "<group>";
		};
/* End PBXGroup section */

/* Begin PBXNativeTarget section */
		743DA46F21F1A93D006800DD /* QHSocketDemo */ = {
			isa = PBXNativeTarget;
			buildConfigurationList = 743DA49321F1A93F006800DD /* Build configuration list for PBXNativeTarget "QHSocketDemo" */;
			buildPhases = (
				1E4470BFFB103311DB7EBBA5 /* [CP] Check Pods Manifest.lock */,
				743DA46C21F1A93D006800DD /* Sources */,
				743DA46D21F1A93D006800DD /* Frameworks */,
				743DA46E21F1A93D006800DD /* Resources */,
				CD9071107664C021749BF704 /* [CP] Embed Pods Frameworks */,
			);
			buildRules = (
			);
			dependencies = (
			);
			name = QHSocketDemo;
			productName = QHSocketDemo;
			productReference = 743DA47021F1A93D006800DD /* QHSocketDemo.app */;
			productType = "com.apple.product-type.application";
		};
/* End PBXNativeTarget section */

/* Begin PBXProject section */
		743DA46821F1A93D006800DD /* Project object */ = {
			isa = PBXProject;
			attributes = {
				LastUpgradeCheck = 1010;
				ORGANIZATIONNAME = "Chen Network Technology";
				TargetAttributes = {
					743DA46F21F1A93D006800DD = {
						CreatedOnToolsVersion = 10.1;
					};
				};
			};
			buildConfigurationList = 743DA46B21F1A93D006800DD /* Build configuration list for PBXProject "QHSocketDemo" */;
			compatibilityVersion = "Xcode 9.3";
			developmentRegion = en;
			hasScannedForEncodings = 0;
			knownRegions = (
				en,
				Base,
			);
			mainGroup = 743DA46721F1A93D006800DD;
			productRefGroup = 743DA47121F1A93D006800DD /* Products */;
			projectDirPath = "";
			projectRoot = "";
			targets = (
				743DA46F21F1A93D006800DD /* QHSocketDemo */,
			);
		};
/* End PBXProject section */

/* Begin PBXResourcesBuildPhase section */
		743DA46E21F1A93D006800DD /* Resources */ = {
			isa = PBXResourcesBuildPhase;
			buildActionMask = 2147483647;
			files = (
				743DA4C421F70B0B006800DD /* QHCocoaAsyncSocketServerViewController.xib in Resources */,
				743DA4AB21F5DEC2006800DD /* QHCFSocketServerViewController.xib in Resources */,
				743DA4BF21F70553006800DD /* QHCocoaAsyncSocketClientViewController.xib in Resources */,
				743DA4A021F579FE006800DD /* QHSockettClientViewController.xib in Resources */,
				743DA49B21F1AB9A006800DD /* QHSocketServerViewController.xib in Resources */,
				741E49642223E00600D8733C /* QHSocketIOClientViewController.xib in Resources */,
				743C39C821F9BF140027C93E /* QHCFSocketBytesClientViewController.xib in Resources */,
				743DA4CA21F71905006800DD /* QHSocketHttpViewController.xib in Resources */,
				743DA48221F1A93D006800DD /* QHTableSubViewController.xib in Resources */,
				743DA4B021F5DF05006800DD /* QHCFSocketClientViewController.xib in Resources */,
				743DA48D21F1A93F006800DD /* LaunchScreen.storyboard in Resources */,
				741E495E2223C7C700D8733C /* QHSRSocketClientViewController.xib in Resources */,
				743DA48A21F1A93F006800DD /* Assets.xcassets in Resources */,
				743DA48821F1A93D006800DD /* Main.storyboard in Resources */,
			);
			runOnlyForDeploymentPostprocessing = 0;
		};
/* End PBXResourcesBuildPhase section */

/* Begin PBXShellScriptBuildPhase section */
		1E4470BFFB103311DB7EBBA5 /* [CP] Check Pods Manifest.lock */ = {
			isa = PBXShellScriptBuildPhase;
			buildActionMask = 2147483647;
			files = (
			);
			inputPaths = (
				"${PODS_PODFILE_DIR_PATH}/Podfile.lock",
				"${PODS_ROOT}/Manifest.lock",
			);
			name = "[CP] Check Pods Manifest.lock";
			outputPaths = (
				"$(DERIVED_FILE_DIR)/Pods-QHSocketDemo-checkManifestLockResult.txt",
			);
			runOnlyForDeploymentPostprocessing = 0;
			shellPath = /bin/sh;
			shellScript = "diff \"${PODS_PODFILE_DIR_PATH}/Podfile.lock\" \"${PODS_ROOT}/Manifest.lock\" > /dev/null\nif [ $? != 0 ] ; then\n    # print error to STDERR\n    echo \"error: The sandbox is not in sync with the Podfile.lock. Run 'pod install' or update your CocoaPods installation.\" >&2\n    exit 1\nfi\n# This output is used by Xcode 'outputs' to avoid re-running this script phase.\necho \"SUCCESS\" > \"${SCRIPT_OUTPUT_FILE_0}\"\n";
			showEnvVarsInLog = 0;
		};
		CD9071107664C021749BF704 /* [CP] Embed Pods Frameworks */ = {
			isa = PBXShellScriptBuildPhase;
			buildActionMask = 2147483647;
			files = (
			);
			inputPaths = (
				"${SRCROOT}/Pods/Target Support Files/Pods-QHSocketDemo/Pods-QHSocketDemo-frameworks.sh",
				"${BUILT_PRODUCTS_DIR}/CocoaAsyncSocket/CocoaAsyncSocket.framework",
				"${BUILT_PRODUCTS_DIR}/Protobuf/Protobuf.framework",
				"${BUILT_PRODUCTS_DIR}/Socket.IO-Client-Swift/SocketIO.framework",
				"${BUILT_PRODUCTS_DIR}/SocketRocket/SocketRocket.framework",
				"${BUILT_PRODUCTS_DIR}/Starscream/Starscream.framework",
			);
			name = "[CP] Embed Pods Frameworks";
			outputPaths = (
				"${TARGET_BUILD_DIR}/${FRAMEWORKS_FOLDER_PATH}/CocoaAsyncSocket.framework",
				"${TARGET_BUILD_DIR}/${FRAMEWORKS_FOLDER_PATH}/Protobuf.framework",
				"${TARGET_BUILD_DIR}/${FRAMEWORKS_FOLDER_PATH}/SocketIO.framework",
				"${TARGET_BUILD_DIR}/${FRAMEWORKS_FOLDER_PATH}/SocketRocket.framework",
				"${TARGET_BUILD_DIR}/${FRAMEWORKS_FOLDER_PATH}/Starscream.framework",
			);
			runOnlyForDeploymentPostprocessing = 0;
			shellPath = /bin/sh;
			shellScript = "\"${SRCROOT}/Pods/Target Support Files/Pods-QHSocketDemo/Pods-QHSocketDemo-frameworks.sh\"\n";
			showEnvVarsInLog = 0;
		};
/* End PBXShellScriptBuildPhase section */

/* Begin PBXSourcesBuildPhase section */
		743DA46C21F1A93D006800DD /* Sources */ = {
			isa = PBXSourcesBuildPhase;
			buildActionMask = 2147483647;
			files = (
				743C39C721F9BF140027C93E /* QHCFSocketBytesClientViewController.m in Sources */,
				743DA4C921F71905006800DD /* QHSocketHttpViewController.m in Sources */,
				743DA4AF21F5DF05006800DD /* QHCFSocketClientViewController.m in Sources */,
				743DA4BE21F70553006800DD /* QHCocoaAsyncSocketClientViewController.m in Sources */,
				74D50B9421FEB46900B0B101 /* Qhpbdemo.pbobjc.m in Sources */,
				741E495D2223C7C700D8733C /* QHSRSocketClientViewController.m in Sources */,
				741E49632223E00600D8733C /* QHSocketIOClientViewController.m in Sources */,
				743DA47C21F1A93D006800DD /* QHDetailRootViewController.m in Sources */,
				743DA47921F1A93D006800DD /* QHTableRootViewController.m in Sources */,
				743DA4C321F70B0B006800DD /* QHCocoaAsyncSocketServerViewController.m in Sources */,
				743DA47521F1A93D006800DD /* AppDelegate.m in Sources */,
				743DA48021F1A93D006800DD /* QHTableSubViewController.m in Sources */,
				743DA49021F1A93F006800DD /* main.m in Sources */,
				743DA49A21F1AB9A006800DD /* QHSocketServerViewController.m in Sources */,
				743DA49F21F579FE006800DD /* QHSockettClientViewController.m in Sources */,
				743DA48521F1A93D006800DD /* ViewController.m in Sources */,
				743DA4AA21F5DEC2006800DD /* QHCFSocketServerViewController.m in Sources */,
				74D50B8E21FEB16E00B0B101 /* QHPBDemo.proto in Sources */,
			);
			runOnlyForDeploymentPostprocessing = 0;
		};
/* End PBXSourcesBuildPhase section */

/* Begin PBXVariantGroup section */
		743DA48621F1A93D006800DD /* Main.storyboard */ = {
			isa = PBXVariantGroup;
			children = (
				743DA48721F1A93D006800DD /* Base */,
			);
			name = Main.storyboard;
			sourceTree = "<group>";
		};
		743DA48B21F1A93F006800DD /* LaunchScreen.storyboard */ = {
			isa = PBXVariantGroup;
			children = (
				743DA48C21F1A93F006800DD /* Base */,
			);
			name = LaunchScreen.storyboard;
			sourceTree = "<group>";
		};
/* End PBXVariantGroup section */

/* Begin XCBuildConfiguration section */
		743DA49121F1A93F006800DD /* Debug */ = {
			isa = XCBuildConfiguration;
			buildSettings = {
				ALWAYS_SEARCH_USER_PATHS = NO;
				CLANG_ANALYZER_NONNULL = YES;
				CLANG_ANALYZER_NUMBER_OBJECT_CONVERSION = YES_AGGRESSIVE;
				CLANG_CXX_LANGUAGE_STANDARD = "gnu++14";
				CLANG_CXX_LIBRARY = "libc++";
				CLANG_ENABLE_MODULES = YES;
				CLANG_ENABLE_OBJC_ARC = YES;
				CLANG_ENABLE_OBJC_WEAK = YES;
				CLANG_WARN_BLOCK_CAPTURE_AUTORELEASING = YES;
				CLANG_WARN_BOOL_CONVERSION = YES;
				CLANG_WARN_COMMA = YES;
				CLANG_WARN_CONSTANT_CONVERSION = YES;
				CLANG_WARN_DEPRECATED_OBJC_IMPLEMENTATIONS = YES;
				CLANG_WARN_DIRECT_OBJC_ISA_USAGE = YES_ERROR;
				CLANG_WARN_DOCUMENTATION_COMMENTS = YES;
				CLANG_WARN_EMPTY_BODY = YES;
				CLANG_WARN_ENUM_CONVERSION = YES;
				CLANG_WARN_INFINITE_RECURSION = YES;
				CLANG_WARN_INT_CONVERSION = YES;
				CLANG_WARN_NON_LITERAL_NULL_CONVERSION = YES;
				CLANG_WARN_OBJC_IMPLICIT_RETAIN_SELF = YES;
				CLANG_WARN_OBJC_LITERAL_CONVERSION = YES;
				CLANG_WARN_OBJC_ROOT_CLASS = YES_ERROR;
				CLANG_WARN_RANGE_LOOP_ANALYSIS = YES;
				CLANG_WARN_STRICT_PROTOTYPES = YES;
				CLANG_WARN_SUSPICIOUS_MOVE = YES;
				CLANG_WARN_UNGUARDED_AVAILABILITY = YES_AGGRESSIVE;
				CLANG_WARN_UNREACHABLE_CODE = YES;
				CLANG_WARN__DUPLICATE_METHOD_MATCH = YES;
				CODE_SIGN_IDENTITY = "iPhone Developer";
				COPY_PHASE_STRIP = NO;
				DEBUG_INFORMATION_FORMAT = dwarf;
				ENABLE_STRICT_OBJC_MSGSEND = YES;
				ENABLE_TESTABILITY = YES;
				GCC_C_LANGUAGE_STANDARD = gnu11;
				GCC_DYNAMIC_NO_PIC = NO;
				GCC_NO_COMMON_BLOCKS = YES;
				GCC_OPTIMIZATION_LEVEL = 0;
				GCC_PREPROCESSOR_DEFINITIONS = (
					"DEBUG=1",
					"$(inherited)",
				);
				GCC_WARN_64_TO_32_BIT_CONVERSION = YES;
				GCC_WARN_ABOUT_RETURN_TYPE = YES_ERROR;
				GCC_WARN_UNDECLARED_SELECTOR = YES;
				GCC_WARN_UNINITIALIZED_AUTOS = YES_AGGRESSIVE;
				GCC_WARN_UNUSED_FUNCTION = YES;
				GCC_WARN_UNUSED_VARIABLE = YES;
				IPHONEOS_DEPLOYMENT_TARGET = 12.1;
				MTL_ENABLE_DEBUG_INFO = INCLUDE_SOURCE;
				MTL_FAST_MATH = YES;
				ONLY_ACTIVE_ARCH = YES;
				SDKROOT = iphoneos;
			};
			name = Debug;
		};
		743DA49221F1A93F006800DD /* Release */ = {
			isa = XCBuildConfiguration;
			buildSettings = {
				ALWAYS_SEARCH_USER_PATHS = NO;
				CLANG_ANALYZER_NONNULL = YES;
				CLANG_ANALYZER_NUMBER_OBJECT_CONVERSION = YES_AGGRESSIVE;
				CLANG_CXX_LANGUAGE_STANDARD = "gnu++14";
				CLANG_CXX_LIBRARY = "libc++";
				CLANG_ENABLE_MODULES = YES;
				CLANG_ENABLE_OBJC_ARC = YES;
				CLANG_ENABLE_OBJC_WEAK = YES;
				CLANG_WARN_BLOCK_CAPTURE_AUTORELEASING = YES;
				CLANG_WARN_BOOL_CONVERSION = YES;
				CLANG_WARN_COMMA = YES;
				CLANG_WARN_CONSTANT_CONVERSION = YES;
				CLANG_WARN_DEPRECATED_OBJC_IMPLEMENTATIONS = YES;
				CLANG_WARN_DIRECT_OBJC_ISA_USAGE = YES_ERROR;
				CLANG_WARN_DOCUMENTATION_COMMENTS = YES;
				CLANG_WARN_EMPTY_BODY = YES;
				CLANG_WARN_ENUM_CONVERSION = YES;
				CLANG_WARN_INFINITE_RECURSION = YES;
				CLANG_WARN_INT_CONVERSION = YES;
				CLANG_WARN_NON_LITERAL_NULL_CONVERSION = YES;
				CLANG_WARN_OBJC_IMPLICIT_RETAIN_SELF = YES;
				CLANG_WARN_OBJC_LITERAL_CONVERSION = YES;
				CLANG_WARN_OBJC_ROOT_CLASS = YES_ERROR;
				CLANG_WARN_RANGE_LOOP_ANALYSIS = YES;
				CLANG_WARN_STRICT_PROTOTYPES = YES;
				CLANG_WARN_SUSPICIOUS_MOVE = YES;
				CLANG_WARN_UNGUARDED_AVAILABILITY = YES_AGGRESSIVE;
				CLANG_WARN_UNREACHABLE_CODE = YES;
				CLANG_WARN__DUPLICATE_METHOD_MATCH = YES;
				CODE_SIGN_IDENTITY = "iPhone Developer";
				COPY_PHASE_STRIP = NO;
				DEBUG_INFORMATION_FORMAT = "dwarf-with-dsym";
				ENABLE_NS_ASSERTIONS = NO;
				ENABLE_STRICT_OBJC_MSGSEND = YES;
				GCC_C_LANGUAGE_STANDARD = gnu11;
				GCC_NO_COMMON_BLOCKS = YES;
				GCC_WARN_64_TO_32_BIT_CONVERSION = YES;
				GCC_WARN_ABOUT_RETURN_TYPE = YES_ERROR;
				GCC_WARN_UNDECLARED_SELECTOR = YES;
				GCC_WARN_UNINITIALIZED_AUTOS = YES_AGGRESSIVE;
				GCC_WARN_UNUSED_FUNCTION = YES;
				GCC_WARN_UNUSED_VARIABLE = YES;
				IPHONEOS_DEPLOYMENT_TARGET = 12.1;
				MTL_ENABLE_DEBUG_INFO = NO;
				MTL_FAST_MATH = YES;
				SDKROOT = iphoneos;
				VALIDATE_PRODUCT = YES;
			};
			name = Release;
		};
		743DA49421F1A93F006800DD /* Debug */ = {
			isa = XCBuildConfiguration;
			baseConfigurationReference = A93EC8C102E29241E8B22CFE /* Pods-QHSocketDemo.debug.xcconfig */;
			buildSettings = {
				ASSETCATALOG_COMPILER_APPICON_NAME = AppIcon;
				CODE_SIGN_IDENTITY = "iPhone Developer";
				CODE_SIGN_STYLE = Automatic;
				DEVELOPMENT_TEAM = JC9Y4K55DX;
				INFOPLIST_FILE = QHSocketDemo/Info.plist;
				LD_RUNPATH_SEARCH_PATHS = (
					"$(inherited)",
					"@executable_path/Frameworks",
				);
				LIBRARY_SEARCH_PATHS = (
					"$(inherited)",
					"$(PROJECT_DIR)/QHSocketDemo/Bytes/PB",
				);
				PRODUCT_BUNDLE_IDENTIFIER = com.chen.QHSocketDemo;
				PRODUCT_NAME = "$(TARGET_NAME)";
				PROVISIONING_PROFILE_SPECIFIER = "";
				TARGETED_DEVICE_FAMILY = "1,2";
			};
			name = Debug;
		};
		743DA49521F1A93F006800DD /* Release */ = {
			isa = XCBuildConfiguration;
			baseConfigurationReference = E8CF93D6C1DEE4D88BA488B1 /* Pods-QHSocketDemo.release.xcconfig */;
			buildSettings = {
				ASSETCATALOG_COMPILER_APPICON_NAME = AppIcon;
				CODE_SIGN_IDENTITY = "iPhone Developer";
				CODE_SIGN_STYLE = Automatic;
				DEVELOPMENT_TEAM = JC9Y4K55DX;
				INFOPLIST_FILE = QHSocketDemo/Info.plist;
				LD_RUNPATH_SEARCH_PATHS = (
					"$(inherited)",
					"@executable_path/Frameworks",
				);
				LIBRARY_SEARCH_PATHS = (
					"$(inherited)",
					"$(PROJECT_DIR)/QHSocketDemo/Bytes/PB",
				);
				PRODUCT_BUNDLE_IDENTIFIER = com.chen.QHSocketDemo;
				PRODUCT_NAME = "$(TARGET_NAME)";
				PROVISIONING_PROFILE_SPECIFIER = "";
				TARGETED_DEVICE_FAMILY = "1,2";
			};
			name = Release;
		};
/* End XCBuildConfiguration section */

/* Begin XCConfigurationList section */
		743DA46B21F1A93D006800DD /* Build configuration list for PBXProject "QHSocketDemo" */ = {
			isa = XCConfigurationList;
			buildConfigurations = (
				743DA49121F1A93F006800DD /* Debug */,
				743DA49221F1A93F006800DD /* Release */,
			);
			defaultConfigurationIsVisible = 0;
			defaultConfigurationName = Release;
		};
		743DA49321F1A93F006800DD /* Build configuration list for PBXNativeTarget "QHSocketDemo" */ = {
			isa = XCConfigurationList;
			buildConfigurations = (
				743DA49421F1A93F006800DD /* Debug */,
				743DA49521F1A93F006800DD /* Release */,
			);
			defaultConfigurationIsVisible = 0;
			defaultConfigurationName = Release;
		};
/* End XCConfigurationList section */
	};
	rootObject = 743DA46821F1A93D006800DD /* Project object */;
}
